
Microsoft Visual Studio Solution File, Format Version 12.00
# Visual Studio Version 16
VisualStudioVersion = 16.0.30503.244
MinimumVisualStudioVersion = 10.0.40219.1
Project("{FAE04EC0-301F-11D3-BF4B-00C04F79EFBC}") = "zhesref", "hesref\HellionExtendedServer\zhesref.csproj", "{C0C5B3FF-D475-4237-AB7D-69851F591A22}"
EndProject
Project("{FAE04EC0-301F-11D3-BF4B-00C04F79EFBC}") = "InterstellarRiftServerExtender", "InterstellarRiftServerExtender\InterstellarRiftServerExtender.csproj", "{62FB3518-F1BB-4D73-A51A-6360C7330C27}"
EndProject
Project("{FAE04EC0-301F-11D3-BF4B-00C04F79EFBC}") = "zoldirseref", "oldirseref\zoldirseref.csproj", "{E0693C1A-AAFB-4B82-AF59-BDFB21C1352E}"
EndProject
Project("{FAE04EC0-301F-11D3-BF4B-00C04F79EFBC}") = "IRSEConfigConverter", "IRSEConfigConverter\IRSEConfigConverter.csproj", "{0CAE4545-B74B-4152-A4CE-ABD17FB7010B}"
EndProject
Global
	GlobalSection(SolutionConfigurationPlatforms) = preSolution
		Debug|Any CPU = Debug|Any CPU
		Debug|x64 = Debug|x64
		Debug|x86 = Debug|x86
		Release|Any CPU = Release|Any CPU
		Release|x64 = Release|x64
		Release|x86 = Release|x86
	EndGlobalSection
	GlobalSection(ProjectConfigurationPlatforms) = postSolution
		{C0C5B3FF-D475-4237-AB7D-69851F591A22}.Debug|Any CPU.ActiveCfg = Debug|Any CPU
		{C0C5B3FF-D475-4237-AB7D-69851F591A22}.Debug|x64.ActiveCfg = Debug|x64
		{C0C5B3FF-D475-4237-AB7D-69851F591A22}.Debug|x64.Build.0 = Debug|x64
		{C0C5B3FF-D475-4237-AB7D-69851F591A22}.Debug|x86.ActiveCfg = Debug|x86
		{C0C5B3FF-D475-4237-AB7D-69851F591A22}.Release|Any CPU.ActiveCfg = Release|Any CPU
		{C0C5B3FF-D475-4237-AB7D-69851F591A22}.Release|Any CPU.Build.0 = Release|Any CPU
		{C0C5B3FF-D475-4237-AB7D-69851F591A22}.Release|x64.ActiveCfg = Release|x64
		{C0C5B3FF-D475-4237-AB7D-69851F591A22}.Release|x64.Build.0 = Release|x64
		{C0C5B3FF-D475-4237-AB7D-69851F591A22}.Release|x86.ActiveCfg = Release|x86
		{C0C5B3FF-D475-4237-AB7D-69851F591A22}.Release|x86.Build.0 = Release|x86
		{62FB3518-F1BB-4D73-A51A-6360C7330C27}.Debug|Any CPU.ActiveCfg = Debug|x86
		{62FB3518-F1BB-4D73-A51A-6360C7330C27}.Debug|Any CPU.Build.0 = Debug|x86
		{62FB3518-F1BB-4D73-A51A-6360C7330C27}.Debug|x64.ActiveCfg = Debug|Any CPU
		{62FB3518-F1BB-4D73-A51A-6360C7330C27}.Debug|x64.Build.0 = Debug|Any CPU
		{62FB3518-F1BB-4D73-A51A-6360C7330C27}.Debug|x86.ActiveCfg = Debug|Any CPU
		{62FB3518-F1BB-4D73-A51A-6360C7330C27}.Debug|x86.Build.0 = Debug|Any CPU
		{62FB3518-F1BB-4D73-A51A-6360C7330C27}.Release|Any CPU.ActiveCfg = Release|Any CPU
		{62FB3518-F1BB-4D73-A51A-6360C7330C27}.Release|Any CPU.Build.0 = Release|Any CPU
		{62FB3518-F1BB-4D73-A51A-6360C7330C27}.Release|x64.ActiveCfg = Release|Any CPU
		{62FB3518-F1BB-4D73-A51A-6360C7330C27}.Release|x64.Build.0 = Release|Any CPU
		{62FB3518-F1BB-4D73-A51A-6360C7330C27}.Release|x86.ActiveCfg = Release|Any CPU
		{62FB3518-F1BB-4D73-A51A-6360C7330C27}.Release|x86.Build.0 = Release|Any CPU
		{E0693C1A-AAFB-4B82-AF59-BDFB21C1352E}.Debug|Any CPU.ActiveCfg = Debug|Any CPU
		{E0693C1A-AAFB-4B82-AF59-BDFB21C1352E}.Debug|x64.ActiveCfg = Debug|Any CPU
		{E0693C1A-AAFB-4B82-AF59-BDFB21C1352E}.Debug|x64.Build.0 = Debug|Any CPU
		{E0693C1A-AAFB-4B82-AF59-BDFB21C1352E}.Debug|x86.ActiveCfg = Debug|x86
		{E0693C1A-AAFB-4B82-AF59-BDFB21C1352E}.Release|Any CPU.ActiveCfg = Release|Any CPU
		{E0693C1A-AAFB-4B82-AF59-BDFB21C1352E}.Release|Any CPU.Build.0 = Release|Any CPU
		{E0693C1A-AAFB-4B82-AF59-BDFB21C1352E}.Release|x64.ActiveCfg = Release|Any CPU
		{E0693C1A-AAFB-4B82-AF59-BDFB21C1352E}.Release|x64.Build.0 = Release|Any CPU
		{E0693C1A-AAFB-4B82-AF59-BDFB21C1352E}.Release|x86.ActiveCfg = Release|x86
		{E0693C1A-AAFB-4B82-AF59-BDFB21C1352E}.Release|x86.Build.0 = Release|x86
		{0CAE4545-B74B-4152-A4CE-ABD17FB7010B}.Debug|Any CPU.ActiveCfg = Debug|Any CPU
		{0CAE4545-B74B-4152-A4CE-ABD17FB7010B}.Debug|Any CPU.Build.0 = Debug|Any CPU
		{0CAE4545-B74B-4152-A4CE-ABD17FB7010B}.Debug|x64.ActiveCfg = Debug|Any CPU
		{0CAE4545-B74B-4152-A4CE-ABD17FB7010B}.Debug|x64.Build.0 = Debug|Any CPU
		{0CAE4545-B74B-4152-A4CE-ABD17FB7010B}.Debug|x86.ActiveCfg = Debug|Any CPU
		{0CAE4545-B74B-4152-A4CE-ABD17FB7010B}.Release|Any CPU.ActiveCfg = Release|Any CPU
		{0CAE4545-B74B-4152-A4CE-ABD17FB7010B}.Release|Any CPU.Build.0 = Release|Any CPU
		{0CAE4545-B74B-4152-A4CE-ABD17FB7010B}.Release|x64.ActiveCfg = Release|Any CPU
		{0CAE4545-B74B-4152-A4CE-ABD17FB7010B}.Release|x64.Build.0 = Release|Any CPU
		{0CAE4545-B74B-4152-A4CE-ABD17FB7010B}.Release|x86.ActiveCfg = Release|Any CPU
		{0CAE4545-B74B-4152-A4CE-ABD17FB7010B}.Release|x86.Build.0 = Release|Any CPU
	EndGlobalSection
	GlobalSection(SolutionProperties) = preSolution
		HideSolutionNode = FALSE
	EndGlobalSection
	GlobalSection(ExtensibilityGlobals) = postSolution
		SolutionGuid = {27725397-ED02-461A-8289-A256221E8E26}
	EndGlobalSection
EndGlobal
